// !$*UTF8*$!
{
	archiveVersion = 1;
	classes = {
	};
	objectVersion = 46;
	objects = {

/* Begin PBXBuildFile section */
		4236F40F1E10329100D343C7 /* AppDelegate.swift in Sources */ = {isa = PBXBuildFile; fileRef = 4236F40E1E10329100D343C7 /* AppDelegate.swift */; };
		4236F4111E10329100D343C7 /* TestViewController.swift in Sources */ = {isa = PBXBuildFile; fileRef = 4236F4101E10329100D343C7 /* TestViewController.swift */; };
		4236F4141E10329100D343C7 /* Main.storyboard in Resources */ = {isa = PBXBuildFile; fileRef = 4236F4121E10329100D343C7 /* Main.storyboard */; };
		4236F4161E10329100D343C7 /* Assets.xcassets in Resources */ = {isa = PBXBuildFile; fileRef = 4236F4151E10329100D343C7 /* Assets.xcassets */; };
		4236F4191E10329100D343C7 /* LaunchScreen.storyboard in Resources */ = {isa = PBXBuildFile; fileRef = 4236F4171E10329100D343C7 /* LaunchScreen.storyboard */; };
		4236F4241E10329200D343C7 /* ExampleTests.swift in Sources */ = {isa = PBXBuildFile; fileRef = 4236F4231E10329200D343C7 /* ExampleTests.swift */; };
		4236F42F1E10329200D343C7 /* ExampleUITests.swift in Sources */ = {isa = PBXBuildFile; fileRef = 4236F42E1E10329200D343C7 /* ExampleUITests.swift */; };
/* End PBXBuildFile section */

/* Begin PBXContainerItemProxy section */
		4236F4201E10329200D343C7 /* PBXContainerItemProxy */ = {
			isa = PBXContainerItemProxy;
			containerPortal = 4236F4031E10329100D343C7 /* Project object */;
			proxyType = 1;
			remoteGlobalIDString = 4236F40A1E10329100D343C7;
			remoteInfo = Example;
		};
		4236F42B1E10329200D343C7 /* PBXContainerItemProxy */ = {
			isa = PBXContainerItemProxy;
			containerPortal = 4236F4031E10329100D343C7 /* Project object */;
			proxyType = 1;
			remoteGlobalIDString = 4236F40A1E10329100D343C7;
			remoteInfo = Example;
		};
/* End PBXContainerItemProxy section */

/* Begin PBXFileReference section */
		4236F40B1E10329100D343C7 /* Example.app */ = {isa = PBXFileReference; explicitFileType = wrapper.application; includeInIndex = 0; path = Example.app; sourceTree = BUILT_PRODUCTS_DIR; };
		4236F40E1E10329100D343C7 /* AppDelegate.swift */ = {isa = PBXFileReference; lastKnownFileType = sourcecode.swift; path = AppDelegate.swift; sourceTree = "<group>"; };
		4236F4101E10329100D343C7 /* TestViewController.swift */ = {isa = PBXFileReference; lastKnownFileType = sourcecode.swift; path = TestViewController.swift; sourceTree = "<group>"; };
		4236F4131E10329100D343C7 /* Base */ = {isa = PBXFileReference; lastKnownFileType = file.storyboard; name = Base; path = Base.lproj/Main.storyboard; sourceTree = "<group>"; };
		4236F4151E10329100D343C7 /* Assets.xcassets */ = {isa = PBXFileReference; lastKnownFileType = folder.assetcatalog; path = Assets.xcassets; sourceTree = "<group>"; };
		4236F4181E10329100D343C7 /* Base */ = {isa = PBXFileReference; lastKnownFileType = file.storyboard; name = Base; path = Base.lproj/LaunchScreen.storyboard; sourceTree = "<group>"; };
		4236F41A1E10329100D343C7 /* Info.plist */ = {isa = PBXFileReference; lastKnownFileType = text.plist.xml; path = Info.plist; sourceTree = "<group>"; };
		4236F41F1E10329200D343C7 /* ExampleTests.xctest */ = {isa = PBXFileReference; explicitFileType = wrapper.cfbundle; includeInIndex = 0; path = ExampleTests.xctest; sourceTree = BUILT_PRODUCTS_DIR; };
		4236F4231E10329200D343C7 /* ExampleTests.swift */ = {isa = PBXFileReference; lastKnownFileType = sourcecode.swift; path = ExampleTests.swift; sourceTree = "<group>"; };
		4236F4251E10329200D343C7 /* Info.plist */ = {isa = PBXFileReference; lastKnownFileType = text.plist.xml; path = Info.plist; sourceTree = "<group>"; };
		4236F42A1E10329200D343C7 /* ExampleUITests.xctest */ = {isa = PBXFileReference; explicitFileType = wrapper.cfbundle; includeInIndex = 0; path = ExampleUITests.xctest; sourceTree = BUILT_PRODUCTS_DIR; };
		4236F42E1E10329200D343C7 /* ExampleUITests.swift */ = {isa = PBXFileReference; lastKnownFileType = sourcecode.swift; path = ExampleUITests.swift; sourceTree = "<group>"; };
		4236F4301E10329200D343C7 /* Info.plist */ = {isa = PBXFileReference; lastKnownFileType = text.plist.xml; path = Info.plist; sourceTree = "<group>"; };
/* End PBXFileReference section */

/* Begin PBXFrameworksBuildPhase section */
		4236F4081E10329100D343C7 /* Frameworks */ = {
			isa = PBXFrameworksBuildPhase;
			buildActionMask = 2147483647;
			files = (
			);
			runOnlyForDeploymentPostprocessing = 0;
		};
		4236F41C1E10329200D343C7 /* Frameworks */ = {
			isa = PBXFrameworksBuildPhase;
			buildActionMask = 2147483647;
			files = (
			);
			runOnlyForDeploymentPostprocessing = 0;
		};
		4236F4271E10329200D343C7 /* Frameworks */ = {
			isa = PBXFrameworksBuildPhase;
			buildActionMask = 2147483647;
			files = (
			);
			runOnlyForDeploymentPostprocessing = 0;
		};
/* End PBXFrameworksBuildPhase section */

/* Begin PBXGroup section */
		4236F4021E10329100D343C7 = {
			isa = PBXGroup;
			children = (
				4236F40D1E10329100D343C7 /* Example */,
				4236F4221E10329200D343C7 /* ExampleTests */,
				4236F42D1E10329200D343C7 /* ExampleUITests */,
				4236F40C1E10329100D343C7 /* Products */,
			);
			sourceTree = "<group>";
		};
		4236F40C1E10329100D343C7 /* Products */ = {
			isa = PBXGroup;
			children = (
				4236F40B1E10329100D343C7 /* Example.app */,
				4236F41F1E10329200D343C7 /* ExampleTests.xctest */,
				4236F42A1E10329200D343C7 /* ExampleUITests.xctest */,
			);
			name = Products;
			sourceTree = "<group>";
		};
		4236F40D1E10329100D343C7 /* Example */ = {
			isa = PBXGroup;
			children = (
				4236F40E1E10329100D343C7 /* AppDelegate.swift */,
				4236F4101E10329100D343C7 /* TestViewController.swift */,
				4236F4121E10329100D343C7 /* Main.storyboard */,
				4236F4151E10329100D343C7 /* Assets.xcassets */,
				4236F4171E10329100D343C7 /* LaunchScreen.storyboard */,
				4236F41A1E10329100D343C7 /* Info.plist */,
			);
			path = Example;
			sourceTree = "<group>";
		};
		4236F4221E10329200D343C7 /* ExampleTests */ = {
			isa = PBXGroup;
			children = (
				4236F4231E10329200D343C7 /* ExampleTests.swift */,
				4236F4251E10329200D343C7 /* Info.plist */,
			);
			path = ExampleTests;
			sourceTree = "<group>";
		};
		4236F42D1E10329200D343C7 /* ExampleUITests */ = {
			isa = PBXGroup;
			children = (
				4236F42E1E10329200D343C7 /* ExampleUITests.swift */,
				4236F4301E10329200D343C7 /* Info.plist */,
			);
			path = ExampleUITests;
			sourceTree = "<group>";
		};
/* End PBXGroup section */

/* Begin PBXNativeTarget section */
		4236F40A1E10329100D343C7 /* Example */ = {
			isa = PBXNativeTarget;
			buildConfigurationList = 4236F4331E10329200D343C7 /* Build configuration list for PBXNativeTarget "Example" */;
			buildPhases = (
				4236F4071E10329100D343C7 /* Sources */,
				4236F4081E10329100D343C7 /* Frameworks */,
				4236F4091E10329100D343C7 /* Resources */,
			);
			buildRules = (
			);
			dependencies = (
			);
			name = Example;
			productName = Example;
			productReference = 4236F40B1E10329100D343C7 /* Example.app */;
			productType = "com.apple.product-type.application";
		};
		4236F41E1E10329200D343C7 /* ExampleTests */ = {
			isa = PBXNativeTarget;
			buildConfigurationList = 4236F4361E10329200D343C7 /* Build configuration list for PBXNativeTarget "ExampleTests" */;
			buildPhases = (
				4236F41B1E10329200D343C7 /* Sources */,
				4236F41C1E10329200D343C7 /* Frameworks */,
				4236F41D1E10329200D343C7 /* Resources */,
			);
			buildRules = (
			);
			dependencies = (
				4236F4211E10329200D343C7 /* PBXTargetDependency */,
			);
			name = ExampleTests;
			productName = ExampleTests;
			productReference = 4236F41F1E10329200D343C7 /* ExampleTests.xctest */;
			productType = "com.apple.product-type.bundle.unit-test";
		};
		4236F4291E10329200D343C7 /* ExampleUITests */ = {
			isa = PBXNativeTarget;
			buildConfigurationList = 4236F4391E10329200D343C7 /* Build configuration list for PBXNativeTarget "ExampleUITests" */;
			buildPhases = (
				4236F4261E10329200D343C7 /* Sources */,
				4236F4271E10329200D343C7 /* Frameworks */,
				4236F4281E10329200D343C7 /* Resources */,
			);
			buildRules = (
			);
			dependencies = (
				4236F42C1E10329200D343C7 /* PBXTargetDependency */,
			);
			name = ExampleUITests;
			productName = ExampleUITests;
			productReference = 4236F42A1E10329200D343C7 /* ExampleUITests.xctest */;
			productType = "com.apple.product-type.bundle.ui-testing";
		};
/* End PBXNativeTarget section */

/* Begin PBXProject section */
		4236F4031E10329100D343C7 /* Project object */ = {
			isa = PBXProject;
			attributes = {
				LastSwiftUpdateCheck = 0820;
				LastUpgradeCheck = 0820;
				ORGANIZATIONNAME = "Robin Malhotra";
				TargetAttributes = {
					4236F40A1E10329100D343C7 = {
						CreatedOnToolsVersion = 8.2.1;
						ProvisioningStyle = Automatic;
					};
					4236F41E1E10329200D343C7 = {
						CreatedOnToolsVersion = 8.2.1;
						ProvisioningStyle = Automatic;
						TestTargetID = 4236F40A1E10329100D343C7;
					};
					4236F4291E10329200D343C7 = {
						CreatedOnToolsVersion = 8.2.1;
						ProvisioningStyle = Automatic;
						TestTargetID = 4236F40A1E10329100D343C7;
					};
				};
			};
			buildConfigurationList = 4236F4061E10329100D343C7 /* Build configuration list for PBXProject "Example" */;
			compatibilityVersion = "Xcode 3.2";
			developmentRegion = English;
			hasScannedForEncodings = 0;
			knownRegions = (
				en,
				Base,
			);
			mainGroup = 4236F4021E10329100D343C7;
			productRefGroup = 4236F40C1E10329100D343C7 /* Products */;
			projectDirPath = "";
			projectRoot = "";
			targets = (
				4236F40A1E10329100D343C7 /* Example */,
				4236F41E1E10329200D343C7 /* ExampleTests */,
				4236F4291E10329200D343C7 /* ExampleUITests */,
			);
		};
/* End PBXProject section */

/* Begin PBXResourcesBuildPhase section */
		4236F4091E10329100D343C7 /* Resources */ = {
			isa = PBXResourcesBuildPhase;
			buildActionMask = 2147483647;
			files = (
				4236F4191E10329100D343C7 /* LaunchScreen.storyboard in Resources */,
				4236F4161E10329100D343C7 /* Assets.xcassets in Resources */,
				4236F4141E10329100D343C7 /* Main.storyboard in Resources */,
			);
			runOnlyForDeploymentPostprocessing = 0;
		};
		4236F41D1E10329200D343C7 /* Resources */ = {
			isa = PBXResourcesBuildPhase;
			buildActionMask = 2147483647;
			files = (
			);
			runOnlyForDeploymentPostprocessing = 0;
		};
		4236F4281E10329200D343C7 /* Resources */ = {
			isa = PBXResourcesBuildPhase;
			buildActionMask = 2147483647;
			files = (
			);
			runOnlyForDeploymentPostprocessing = 0;
		};
/* End PBXResourcesBuildPhase section */

/* Begin PBXSourcesBuildPhase section */
		4236F4071E10329100D343C7 /* Sources */ = {
			isa = PBXSourcesBuildPhase;
			buildActionMask = 2147483647;
			files = (
				4236F4111E10329100D343C7 /* TestViewController.swift in Sources */,
				4236F40F1E10329100D343C7 /* AppDelegate.swift in Sources */,
			);
			runOnlyForDeploymentPostprocessing = 0;
		};
		4236F41B1E10329200D343C7 /* Sources */ = {
			isa = PBXSourcesBuildPhase;
			buildActionMask = 2147483647;
			files = (
				4236F4241E10329200D343C7 /* ExampleTests.swift in Sources */,
			);
			runOnlyForDeploymentPostprocessing = 0;
		};
		4236F4261E10329200D343C7 /* Sources */ = {
			isa = PBXSourcesBuildPhase;
			buildActionMask = 2147483647;
			files = (
				4236F42F1E10329200D343C7 /* ExampleUITests.swift in Sources */,
			);
			runOnlyForDeploymentPostprocessing = 0;
		};
/* End PBXSourcesBuildPhase section */

/* Begin PBXTargetDependency section */
		4236F4211E10329200D343C7 /* PBXTargetDependency */ = {
			isa = PBXTargetDependency;
			target = 4236F40A1E10329100D343C7 /* Example */;
			targetProxy = 4236F4201E10329200D343C7 /* PBXContainerItemProxy */;
		};
		4236F42C1E10329200D343C7 /* PBXTargetDependency */ = {
			isa = PBXTargetDependency;
			target = 4236F40A1E10329100D343C7 /* Example */;
			targetProxy = 4236F42B1E10329200D343C7 /* PBXContainerItemProxy */;
		};
/* End PBXTargetDependency section */

/* Begin PBXVariantGroup section */
		4236F4121E10329100D343C7 /* Main.storyboard */ = {
			isa = PBXVariantGroup;
			children = (
				4236F4131E10329100D343C7 /* Base */,
			);
			name = Main.storyboard;
			sourceTree = "<group>";
		};
		4236F4171E10329100D343C7 /* LaunchScreen.storyboard */ = {
			isa = PBXVariantGroup;
			children = (
				4236F4181E10329100D343C7 /* Base */,
			);
			name = LaunchScreen.storyboard;
			sourceTree = "<group>";
		};
/* End PBXVariantGroup section */

/* Begin XCBuildConfiguration section */
		4236F4311E10329200D343C7 /* Debug */ = {
			isa = XCBuildConfiguration;
			buildSettings = {
				ALWAYS_SEARCH_USER_PATHS = NO;
				CLANG_ANALYZER_NONNULL = YES;
				CLANG_CXX_LANGUAGE_STANDARD = "gnu++0x";
				CLANG_CXX_LIBRARY = "libc++";
				CLANG_ENABLE_MODULES = YES;
				CLANG_ENABLE_OBJC_ARC = YES;
				CLANG_WARN_BOOL_CONVERSION = YES;
				CLANG_WARN_CONSTANT_CONVERSION = YES;
				CLANG_WARN_DIRECT_OBJC_ISA_USAGE = YES_ERROR;
				CLANG_WARN_DOCUMENTATION_COMMENTS = YES;
				CLANG_WARN_EMPTY_BODY = YES;
				CLANG_WARN_ENUM_CONVERSION = YES;
				CLANG_WARN_INFINITE_RECURSION = YES;
				CLANG_WARN_INT_CONVERSION = YES;
				CLANG_WARN_OBJC_ROOT_CLASS = YES_ERROR;
				CLANG_WARN_SUSPICIOUS_MOVE = YES;
				CLANG_WARN_UNREACHABLE_CODE = YES;
				CLANG_WARN__DUPLICATE_METHOD_MATCH = YES;
				"CODE_SIGN_IDENTITY[sdk=iphoneos*]" = "iPhone Developer";
				COPY_PHASE_STRIP = NO;
				DEBUG_INFORMATION_FORMAT = dwarf;
				ENABLE_STRICT_OBJC_MSGSEND = YES;
				ENABLE_TESTABILITY = YES;
				GCC_C_LANGUAGE_STANDARD = gnu99;
				GCC_DYNAMIC_NO_PIC = NO;
				GCC_NO_COMMON_BLOCKS = YES;
				GCC_OPTIMIZATION_LEVEL = 0;
				GCC_PREPROCESSOR_DEFINITIONS = (
					"DEBUG=1",
					"$(inherited)",
				);
				GCC_WARN_64_TO_32_BIT_CONVERSION = YES;
				GCC_WARN_ABOUT_RETURN_TYPE = YES_ERROR;
				GCC_WARN_UNDECLARED_SELECTOR = YES;
				GCC_WARN_UNINITIALIZED_AUTOS = YES_AGGRESSIVE;
				GCC_WARN_UNUSED_FUNCTION = YES;
				GCC_WARN_UNUSED_VARIABLE = YES;
				IPHONEOS_DEPLOYMENT_TARGET = 10.2;
				MTL_ENABLE_DEBUG_INFO = YES;
				ONLY_ACTIVE_ARCH = YES;
				SDKROOT = iphoneos;
				SWIFT_ACTIVE_COMPILATION_CONDITIONS = DEBUG;
				SWIFT_OPTIMIZATION_LEVEL = "-Onone";
				TARGETED_DEVICE_FAMILY = "1,2";
			};
			name = Debug;
		};
		4236F4321E10329200D343C7 /* Release */ = {
			isa = XCBuildConfiguration;
			buildSettings = {
				ALWAYS_SEARCH_USER_PATHS = NO;
				CLANG_ANALYZER_NONNULL = YES;
				CLANG_CXX_LANGUAGE_STANDARD = "gnu++0x";
				CLANG_CXX_LIBRARY = "libc++";
				CLANG_ENABLE_MODULES = YES;
				CLANG_ENABLE_OBJC_ARC = YES;
				CLANG_WARN_BOOL_CONVERSION = YES;
				CLANG_WARN_CONSTANT_CONVERSION = YES;
				CLANG_WARN_DIRECT_OBJC_ISA_USAGE = YES_ERROR;
				CLANG_WARN_DOCUMENTATION_COMMENTS = YES;
				CLANG_WARN_EMPTY_BODY = YES;
				CLANG_WARN_ENUM_CONVERSION = YES;
				CLANG_WARN_INFINITE_RECURSION = YES;
				CLANG_WARN_INT_CONVERSION = YES;
				CLANG_WARN_OBJC_ROOT_CLASS = YES_ERROR;
				CLANG_WARN_SUSPICIOUS_MOVE = YES;
				CLANG_WARN_UNREACHABLE_CODE = YES;
				CLANG_WARN__DUPLICATE_METHOD_MATCH = YES;
				"CODE_SIGN_IDENTITY[sdk=iphoneos*]" = "iPhone Developer";
				COPY_PHASE_STRIP = NO;
				DEBUG_INFORMATION_FORMAT = "dwarf-with-dsym";
				ENABLE_NS_ASSERTIONS = NO;
				ENABLE_STRICT_OBJC_MSGSEND = YES;
				GCC_C_LANGUAGE_STANDARD = gnu99;
				GCC_NO_COMMON_BLOCKS = YES;
				GCC_WARN_64_TO_32_BIT_CONVERSION = YES;
				GCC_WARN_ABOUT_RETURN_TYPE = YES_ERROR;
				GCC_WARN_UNDECLARED_SELECTOR = YES;
				GCC_WARN_UNINITIALIZED_AUTOS = YES_AGGRESSIVE;
				GCC_WARN_UNUSED_FUNCTION = YES;
				GCC_WARN_UNUSED_VARIABLE = YES;
				IPHONEOS_DEPLOYMENT_TARGET = 10.2;
				MTL_ENABLE_DEBUG_INFO = NO;
				SDKROOT = iphoneos;
				SWIFT_OPTIMIZATION_LEVEL = "-Owholemodule";
				TARGETED_DEVICE_FAMILY = "1,2";
				VALIDATE_PRODUCT = YES;
			};
			name = Release;
		};
		4236F4341E10329200D343C7 /* Debug */ = {
			isa = XCBuildConfiguration;
			buildSettings = {
				ASSETCATALOG_COMPILER_APPICON_NAME = AppIcon;
				INFOPLIST_FILE = Example/Info.plist;
				LD_RUNPATH_SEARCH_PATHS = "$(inherited) @executable_path/Frameworks";
				PRODUCT_BUNDLE_IDENTIFIER = com.kayako.Example;
				PRODUCT_NAME = "$(TARGET_NAME)";
				SWIFT_VERSION = 3.0;
			};
			name = Debug;
		};
		4236F4351E10329200D343C7 /* Release */ = {
			isa = XCBuildConfiguration;
			buildSettings = {
				ASSETCATALOG_COMPILER_APPICON_NAME = AppIcon;
				INFOPLIST_FILE = Example/Info.plist;
				LD_RUNPATH_SEARCH_PATHS = "$(inherited) @executable_path/Frameworks";
				PRODUCT_BUNDLE_IDENTIFIER = com.kayako.Example;
				PRODUCT_NAME = "$(TARGET_NAME)";
				SWIFT_VERSION = 3.0;
			};
			name = Release;
		};
		4236F4371E10329200D343C7 /* Debug */ = {
			isa = XCBuildConfiguration;
			buildSettings = {
				ALWAYS_EMBED_SWIFT_STANDARD_LIBRARIES = YES;
				BUNDLE_LOADER = "$(TEST_HOST)";
				INFOPLIST_FILE = ExampleTests/Info.plist;
				LD_RUNPATH_SEARCH_PATHS = "$(inherited) @executable_path/Frameworks @loader_path/Frameworks";
				PRODUCT_BUNDLE_IDENTIFIER = com.kayako.ExampleTests;
				PRODUCT_NAME = "$(TARGET_NAME)";
				SWIFT_VERSION = 3.0;
				TEST_HOST = "$(BUILT_PRODUCTS_DIR)/Example.app/Example";
			};
			name = Debug;
		};
		4236F4381E10329200D343C7 /* Release */ = {
			isa = XCBuildConfiguration;
			buildSettings = {
				ALWAYS_EMBED_SWIFT_STANDARD_LIBRARIES = YES;
				BUNDLE_LOADER = "$(TEST_HOST)";
				INFOPLIST_FILE = ExampleTests/Info.plist;
				LD_RUNPATH_SEARCH_PATHS = "$(inherited) @executable_path/Frameworks @loader_path/Frameworks";
				PRODUCT_BUNDLE_IDENTIFIER = com.kayako.ExampleTests;
				PRODUCT_NAME = "$(TARGET_NAME)";
				SWIFT_VERSION = 3.0;
				TEST_HOST = "$(BUILT_PRODUCTS_DIR)/Example.app/Example";
			};
			name = Release;
		};
		4236F43A1E10329200D343C7 /* Debug */ = {
			isa = XCBuildConfiguration;
			buildSettings = {
				ALWAYS_EMBED_SWIFT_STANDARD_LIBRARIES = YES;
				INFOPLIST_FILE = ExampleUITests/Info.plist;
				LD_RUNPATH_SEARCH_PATHS = "$(inherited) @executable_path/Frameworks @loader_path/Frameworks";
				PRODUCT_BUNDLE_IDENTIFIER = com.kayako.ExampleUITests;
				PRODUCT_NAME = "$(TARGET_NAME)";
				SWIFT_VERSION = 3.0;
				TEST_TARGET_NAME = Example;
			};
			name = Debug;
		};
		4236F43B1E10329200D343C7 /* Release */ = {
			isa = XCBuildConfiguration;
			buildSettings = {
				ALWAYS_EMBED_SWIFT_STANDARD_LIBRARIES = YES;
				INFOPLIST_FILE = ExampleUITests/Info.plist;
				LD_RUNPATH_SEARCH_PATHS = "$(inherited) @executable_path/Frameworks @loader_path/Frameworks";
				PRODUCT_BUNDLE_IDENTIFIER = com.kayako.ExampleUITests;
				PRODUCT_NAME = "$(TARGET_NAME)";
				SWIFT_VERSION = 3.0;
				TEST_TARGET_NAME = Example;
			};
			name = Release;
		};
/* End XCBuildConfiguration section */

/* Begin XCConfigurationList section */
		4236F4061E10329100D343C7 /* Build configuration list for PBXProject "Example" */ = {
			isa = XCConfigurationList;
			buildConfigurations = (
				4236F4311E10329200D343C7 /* Debug */,
				4236F4321E10329200D343C7 /* Release */,
			);
			defaultConfigurationIsVisible = 0;
			defaultConfigurationName = Release;
		};
		4236F4331E10329200D343C7 /* Build configuration list for PBXNativeTarget "Example" */ = {
			isa = XCConfigurationList;
			buildConfigurations = (
				4236F4341E10329200D343C7 /* Debug */,
				4236F4351E10329200D343C7 /* Release */,
			);
			defaultConfigurationIsVisible = 0;
			defaultConfigurationName = Release;
		};
		4236F4361E10329200D343C7 /* Build configuration list for PBXNativeTarget "ExampleTests" */ = {
			isa = XCConfigurationList;
			buildConfigurations = (
				4236F4371E10329200D343C7 /* Debug */,
				4236F4381E10329200D343C7 /* Release */,
			);
			defaultConfigurationIsVisible = 0;
			defaultConfigurationName = Release;
		};
		4236F4391E10329200D343C7 /* Build configuration list for PBXNativeTarget "ExampleUITests" */ = {
			isa = XCConfigurationList;
			buildConfigurations = (
				4236F43A1E10329200D343C7 /* Debug */,
				4236F43B1E10329200D343C7 /* Release */,
			);
			defaultConfigurationIsVisible = 0;
			defaultConfigurationName = Release;
		};
/* End XCConfigurationList section */
	};
	rootObject = 4236F4031E10329100D343C7 /* Project object */;
}
